Microsoft Visual Studio Solution File, Format Version 12.00
# Visual Studio Version 17
VisualStudioVersion = 17.5.2.0
MinimumVisualStudioVersion = 10.0.40219.1
Project("{2150E333-8FDC-42A3-9474-1A3956D46DE8}") = "01-getting-started", "01-getting-started", "{8E01ABF0-BAA2-128D-1CBC-1AA0E54E3DAE}"
EndProject
Project("{2150E333-8FDC-42A3-9474-1A3956D46DE8}") = "02-cognitive-security", "02-cognitive-security", "{F786A405-08D4-B51B-8CDE-53C78F670872}"
EndProject
Project("{2150E333-8FDC-42A3-9474-1A3956D46DE8}") = "05-analyze-text", "05-analyze-text", "{94120185-5941-DEFA-E189-0939A5510657}"
EndProject
Project("{2150E333-8FDC-42A3-9474-1A3956D46DE8}") = "06-translate-text", "06-translate-text", "{2F1FD43E-0D0B-D3FA-8187-8EB2792039D7}"
EndProject
Project("{2150E333-8FDC-42A3-9474-1A3956D46DE8}") = "07-speech", "07-speech", "{F0395F74-707B-C1B7-C769-39840804A50F}"
EndProject
Project("{2150E333-8FDC-42A3-9474-1A3956D46DE8}") = "08-speech-translation", "08-speech-translation", "{C02EF238-BBAB-3472-9968-DE881FAF9623}"
EndProject
Project("{2150E333-8FDC-42A3-9474-1A3956D46DE8}") = "10b-clu-client-(preview)", "10b-clu-client-(preview)", "{6A3B7F73-FAD7-7C01-E318-94F1FACF9859}"
EndProject
Project("{2150E333-8FDC-42A3-9474-1A3956D46DE8}") = "11-luis-speech", "11-luis-speech", "{48511B66-B638-3820-F677-23F5370BB32D}"
EndProject
Project("{2150E333-8FDC-42A3-9474-1A3956D46DE8}") = "15-computer-vision", "15-computer-vision", "{2816AC2C-FD51-63EC-19CA-E5CA34F24018}"
EndProject
Project("{2150E333-8FDC-42A3-9474-1A3956D46DE8}") = "17-image-classification", "17-image-classification", "{17773AFD-52E2-69AD-900A-044A645D657F}"
EndProject
Project("{2150E333-8FDC-42A3-9474-1A3956D46DE8}") = "18-object-detection", "18-object-detection", "{40DF2C13-671B-4E90-1412-07F926CC5574}"
EndProject
Project("{2150E333-8FDC-42A3-9474-1A3956D46DE8}") = "19-face", "19-face", "{9F798CED-C1D8-A173-9FCC-E280D58EE889}"
EndProject
Project("{2150E333-8FDC-42A3-9474-1A3956D46DE8}") = "20-ocr", "20-ocr", "{46BF9CDD-C6A4-155D-C98A-1523E25F578C}"
EndProject
Project("{2150E333-8FDC-42A3-9474-1A3956D46DE8}") = "21-custom-form", "21-custom-form", "{1B7EF9AF-E17A-96C5-BB6B-1C71EB1A726B}"
EndProject
Project("{2150E333-8FDC-42A3-9474-1A3956D46DE8}") = "22-Create-a-search-solution", "22-Create-a-search-solution", "{9BE4B4D4-C798-A6A3-C2D1-3DDFB4709691}"
EndProject
Project("{2150E333-8FDC-42A3-9474-1A3956D46DE8}") = "C-Sharp", "C-Sharp", "{3E9F1588-EF59-7EAE-D4DE-1A3187817BB9}"
EndProject
Project("{FAE04EC0-301F-11D3-BF4B-00C04F79EFBC}") = "rest_client", "01-getting-started\C-Sharp\rest-client\rest_client.csproj", "{82FACAE9-ED29-CF8C-CB78-7FBEF5B69A14}"
EndProject
Project("{FAE04EC0-301F-11D3-BF4B-00C04F79EFBC}") = "sdk-client", "01-getting-started\C-Sharp\sdk-client\sdk-client.csproj", "{DCE91F64-2A61-BAF5-C7E1-25E12682CE9A}"
EndProject
Project("{2150E333-8FDC-42A3-9474-1A3956D46DE8}") = "C-Sharp", "C-Sharp", "{6C890FCF-FF09-F71F-2911-AD1E2AC8F2AD}"
EndProject
Project("{FAE04EC0-301F-11D3-BF4B-00C04F79EFBC}") = "keyvault_client", "02-cognitive-security\C-Sharp\keyvault_client\keyvault_client.csproj", "{638EDAF4-24E7-7D7E-054D-CDA4A19A80B3}"
EndProject
Project("{2150E333-8FDC-42A3-9474-1A3956D46DE8}") = "C-Sharp", "C-Sharp", "{097C85B9-F1C4-DC25-E72D-A6EF6A9E82DF}"
EndProject
Project("{FAE04EC0-301F-11D3-BF4B-00C04F79EFBC}") = "text-analysis", "05-analyze-text\C-Sharp\text-analysis\text-analysis.csproj", "{65CDA5D1-8319-831A-D343-D72911C4FE87}"
EndProject
Project("{2150E333-8FDC-42A3-9474-1A3956D46DE8}") = "C-Sharp", "C-Sharp", "{7B6A77A7-10C8-DA2C-377A-4F77D562CBBF}"
EndProject
Project("{FAE04EC0-301F-11D3-BF4B-00C04F79EFBC}") = "translate_text", "06-translate-text\C-Sharp\text-translation\translate_text.csproj", "{815E9AFE-36EB-A48E-EA07-A6A4A4EBA494}"
EndProject
Project("{2150E333-8FDC-42A3-9474-1A3956D46DE8}") = "C-Sharp", "C-Sharp", "{7E16C73F-5840-4AA5-9852-7D1AE6A88439}"
EndProject
Project("{FAE04EC0-301F-11D3-BF4B-00C04F79EFBC}") = "speaking-clock", "07-speech\C-Sharp\speaking-clock\speaking-clock.csproj", "{9A1C52B1-2CE6-15DD-6251-DB052CA4DF95}"
EndProject
Project("{2150E333-8FDC-42A3-9474-1A3956D46DE8}") = "C-Sharp", "C-Sharp", "{9849E5E9-B723-ACE0-BB87-ECFE210976A1}"
EndProject
Project("{FAE04EC0-301F-11D3-BF4B-00C04F79EFBC}") = "translator", "08-speech-translation\C-Sharp\translator\translator.csproj", "{B5E5A806-3229-DF5F-F71C-4EA1D5A6D471}"
EndProject
Project("{2150E333-8FDC-42A3-9474-1A3956D46DE8}") = "C-Sharp", "C-Sharp", "{21B942C3-9F1F-D33B-BE21-E91E8B188901}"
EndProject
Project("{FAE04EC0-301F-11D3-BF4B-00C04F79EFBC}") = "clock_client", "10b-clu-client-(preview)\C-Sharp\clock-client\clock_client.csproj", "{BDA84F7E-15DF-9702-7490-302C403CA881}"
EndProject
Project("{2150E333-8FDC-42A3-9474-1A3956D46DE8}") = "C-Sharp", "C-Sharp", "{E650071A-A985-3FEC-15E5-F3AE786F56DA}"
EndProject
Project("{FAE04EC0-301F-11D3-BF4B-00C04F79EFBC}") = "speaking_clock_client", "11-luis-speech\C-Sharp\speaking-clock-client\speaking_clock_client.csproj", "{C6FD3B80-6D01-9949-CD87-045FF857497B}"
EndProject
Project("{2150E333-8FDC-42A3-9474-1A3956D46DE8}") = "C-Sharp", "C-Sharp", "{666ED833-9AF8-612B-1C57-3A452C953A1E}"
EndProject
Project("{FAE04EC0-301F-11D3-BF4B-00C04F79EFBC}") = "image-analysis", "15-computer-vision\C-Sharp\image-analysis\image-analysis.csproj", "{9F218DDB-5C19-6DD7-3B4A-4F3E8936C9A8}"
EndProject
Project("{2150E333-8FDC-42A3-9474-1A3956D46DE8}") = "C-Sharp", "C-Sharp", "{A7013818-F600-C9AB-43F8-B8A7F96EF387}"
EndProject
Project("{FAE04EC0-301F-11D3-BF4B-00C04F79EFBC}") = "test-classifier", "17-image-classification\C-Sharp\test-classifier\test-classifier.csproj", "{84488DDB-661B-6485-EDB7-78BDDDC55754}"
EndProject
Project("{FAE04EC0-301F-11D3-BF4B-00C04F79EFBC}") = "train-classifier", "17-image-classification\C-Sharp\train-classifier\train-classifier.csproj", "{4EF0835F-1D57-CAB8-7ADA-16D18DFB1084}"
EndProject
Project("{2150E333-8FDC-42A3-9474-1A3956D46DE8}") = "C-Sharp", "C-Sharp", "{F9C57FB1-F41B-B642-13E0-1BB618663403}"
EndProject
Project("{FAE04EC0-301F-11D3-BF4B-00C04F79EFBC}") = "test-detector", "18-object-detection\C-Sharp\test-detector\test-detector.csproj", "{C8378CD4-35BC-000F-4FDD-BEB7D9551981}"
EndProject
Project("{FAE04EC0-301F-11D3-BF4B-00C04F79EFBC}") = "train-detector", "18-object-detection\C-Sharp\train-detector\train-detector.csproj", "{8CC56274-1631-77C7-DE96-AF57355E0FFC}"
EndProject
Project("{2150E333-8FDC-42A3-9474-1A3956D46DE8}") = "C-Sharp", "C-Sharp", "{2BDC0AA0-B344-2F0F-0370-67B51A4E0FBA}"
EndProject
Project("{FAE04EC0-301F-11D3-BF4B-00C04F79EFBC}") = "detect-faces", "19-face\C-Sharp\computer-vision\detect-faces.csproj", "{0E8A75A5-442B-693B-1927-3E3879E9F0DD}"
EndProject
Project("{FAE04EC0-301F-11D3-BF4B-00C04F79EFBC}") = "analyze-faces", "19-face\C-Sharp\face-api\analyze-faces.csproj", "{4F4E36F4-9304-2158-B04D-C78B30149690}"
EndProject
Project("{2150E333-8FDC-42A3-9474-1A3956D46DE8}") = "C-Sharp", "C-Sharp", "{6A60A615-DA94-B125-0F95-095069E02FFF}"
EndProject
Project("{FAE04EC0-301F-11D3-BF4B-00C04F79EFBC}") = "read-text", "20-ocr\C-Sharp\read-text\read-text.csproj", "{9CFFDD96-5FC8-D679-1238-A1C14C497FBA}"
EndProject
Project("{2150E333-8FDC-42A3-9474-1A3956D46DE8}") = "C-Sharp", "C-Sharp", "{B86AF366-5455-AD1C-92F2-F9DFD7905FF1}"
EndProject
Project("{FAE04EC0-301F-11D3-BF4B-00C04F79EFBC}") = "test-model", "21-custom-form\C-Sharp\test-model\test-model.csproj", "{A9EBC06E-8DED-2596-F0A2-D85CA5D6560C}"
EndProject
Project("{FAE04EC0-301F-11D3-BF4B-00C04F79EFBC}") = "train-model", "21-custom-form\C-Sharp\train-model\train-model.csproj", "{B94F9CDB-0300-6B78-CF8F-AC47F74E9D1B}"
EndProject
Project("{2150E333-8FDC-42A3-9474-1A3956D46DE8}") = "C-Sharp", "C-Sharp", "{CE48F5A8-2F96-D200-AD0D-C4A773EF87F5}"
EndProject
Project("{FAE04EC0-301F-11D3-BF4B-00C04F79EFBC}") = "search-client", "22-Create-a-search-solution\C-Sharp\margies-travel\search-client.csproj", "{259FA4EF-D180-6408-803E-E0BB5B560DD2}"
EndProject
Global
	GlobalSection(SolutionConfigurationPlatforms) = preSolution
		Debug|Any CPU = Debug|Any CPU
		Release|Any CPU = Release|Any CPU
	EndGlobalSection
	GlobalSection(ProjectConfigurationPlatforms) = postSolution
		{82FACAE9-ED29-CF8C-CB78-7FBEF5B69A14}.Debug|Any CPU.ActiveCfg = Debug|Any CPU
		{82FACAE9-ED29-CF8C-CB78-7FBEF5B69A14}.Debug|Any CPU.Build.0 = Debug|Any CPU
		{82FACAE9-ED29-CF8C-CB78-7FBEF5B69A14}.Release|Any CPU.ActiveCfg = Release|Any CPU
		{82FACAE9-ED29-CF8C-CB78-7FBEF5B69A14}.Release|Any CPU.Build.0 = Release|Any CPU
		{DCE91F64-2A61-BAF5-C7E1-25E12682CE9A}.Debug|Any CPU.ActiveCfg = Debug|Any CPU
		{DCE91F64-2A61-BAF5-C7E1-25E12682CE9A}.Debug|Any CPU.Build.0 = Debug|Any CPU
		{DCE91F64-2A61-BAF5-C7E1-25E12682CE9A}.Release|Any CPU.ActiveCfg = Release|Any CPU
		{DCE91F64-2A61-BAF5-C7E1-25E12682CE9A}.Release|Any CPU.Build.0 = Release|Any CPU
		{638EDAF4-24E7-7D7E-054D-CDA4A19A80B3}.Debug|Any CPU.ActiveCfg = Debug|Any CPU
		{638EDAF4-24E7-7D7E-054D-CDA4A19A80B3}.Debug|Any CPU.Build.0 = Debug|Any CPU
		{638EDAF4-24E7-7D7E-054D-CDA4A19A80B3}.Release|Any CPU.ActiveCfg = Release|Any CPU
		{638EDAF4-24E7-7D7E-054D-CDA4A19A80B3}.Release|Any CPU.Build.0 = Release|Any CPU
		{65CDA5D1-8319-831A-D343-D72911C4FE87}.Debug|Any CPU.ActiveCfg = Debug|Any CPU
		{65CDA5D1-8319-831A-D343-D72911C4FE87}.Debug|Any CPU.Build.0 = Debug|Any CPU
		{65CDA5D1-8319-831A-D343-D72911C4FE87}.Release|Any CPU.ActiveCfg = Release|Any CPU
		{65CDA5D1-8319-831A-D343-D72911C4FE87}.Release|Any CPU.Build.0 = Release|Any CPU
		{815E9AFE-36EB-A48E-EA07-A6A4A4EBA494}.Debug|Any CPU.ActiveCfg = Debug|Any CPU
		{815E9AFE-36EB-A48E-EA07-A6A4A4EBA494}.Debug|Any CPU.Build.0 = Debug|Any CPU
		{815E9AFE-36EB-A48E-EA07-A6A4A4EBA494}.Release|Any CPU.ActiveCfg = Release|Any CPU
		{815E9AFE-36EB-A48E-EA07-A6A4A4EBA494}.Release|Any CPU.Build.0 = Release|Any CPU
		{9A1C52B1-2CE6-15DD-6251-DB052CA4DF95}.Debug|Any CPU.ActiveCfg = Debug|Any CPU
		{9A1C52B1-2CE6-15DD-6251-DB052CA4DF95}.Debug|Any CPU.Build.0 = Debug|Any CPU
		{9A1C52B1-2CE6-15DD-6251-DB052CA4DF95}.Release|Any CPU.ActiveCfg = Release|Any CPU
		{9A1C52B1-2CE6-15DD-6251-DB052CA4DF95}.Release|Any CPU.Build.0 = Release|Any CPU
		{B5E5A806-3229-DF5F-F71C-4EA1D5A6D471}.Debug|Any CPU.ActiveCfg = Debug|Any CPU
		{B5E5A806-3229-DF5F-F71C-4EA1D5A6D471}.Debug|Any CPU.Build.0 = Debug|Any CPU
		{B5E5A806-3229-DF5F-F71C-4EA1D5A6D471}.Release|Any CPU.ActiveCfg = Release|Any CPU
		{B5E5A806-3229-DF5F-F71C-4EA1D5A6D471}.Release|Any CPU.Build.0 = Release|Any CPU
		{BDA84F7E-15DF-9702-7490-302C403CA881}.Debug|Any CPU.ActiveCfg = Debug|Any CPU
		{BDA84F7E-15DF-9702-7490-302C403CA881}.Debug|Any CPU.Build.0 = Debug|Any CPU
		{BDA84F7E-15DF-9702-7490-302C403CA881}.Release|Any CPU.ActiveCfg = Release|Any CPU
		{BDA84F7E-15DF-9702-7490-302C403CA881}.Release|Any CPU.Build.0 = Release|Any CPU
		{C6FD3B80-6D01-9949-CD87-045FF857497B}.Debug|Any CPU.ActiveCfg = Debug|Any CPU
		{C6FD3B80-6D01-9949-CD87-045FF857497B}.Debug|Any CPU.Build.0 = Debug|Any CPU
		{C6FD3B80-6D01-9949-CD87-045FF857497B}.Release|Any CPU.ActiveCfg = Release|Any CPU
		{C6FD3B80-6D01-9949-CD87-045FF857497B}.Release|Any CPU.Build.0 = Release|Any CPU
		{9F218DDB-5C19-6DD7-3B4A-4F3E8936C9A8}.Debug|Any CPU.ActiveCfg = Debug|Any CPU
		{9F218DDB-5C19-6DD7-3B4A-4F3E8936C9A8}.Debug|Any CPU.Build.0 = Debug|Any CPU
		{9F218DDB-5C19-6DD7-3B4A-4F3E8936C9A8}.Release|Any CPU.ActiveCfg = Release|Any CPU
		{9F218DDB-5C19-6DD7-3B4A-4F3E8936C9A8}.Release|Any CPU.Build.0 = Release|Any CPU
		{84488DDB-661B-6485-EDB7-78BDDDC55754}.Debug|Any CPU.ActiveCfg = Debug|Any CPU
		{84488DDB-661B-6485-EDB7-78BDDDC55754}.Debug|Any CPU.Build.0 = Debug|Any CPU
		{84488DDB-661B-6485-EDB7-78BDDDC55754}.Release|Any CPU.ActiveCfg = Release|Any CPU
		{84488DDB-661B-6485-EDB7-78BDDDC55754}.Release|Any CPU.Build.0 = Release|Any CPU
		{4EF0835F-1D57-CAB8-7ADA-16D18DFB1084}.Debug|Any CPU.ActiveCfg = Debug|Any CPU
		{4EF0835F-1D57-CAB8-7ADA-16D18DFB1084}.Debug|Any CPU.Build.0 = Debug|Any CPU
		{4EF0835F-1D57-CAB8-7ADA-16D18DFB1084}.Release|Any CPU.ActiveCfg = Release|Any CPU
		{4EF0835F-1D57-CAB8-7ADA-16D18DFB1084}.Release|Any CPU.Build.0 = Release|Any CPU
		{C8378CD4-35BC-000F-4FDD-BEB7D9551981}.Debug|Any CPU.ActiveCfg = Debug|Any CPU
		{C8378CD4-35BC-000F-4FDD-BEB7D9551981}.Debug|Any CPU.Build.0 = Debug|Any CPU
		{C8378CD4-35BC-000F-4FDD-BEB7D9551981}.Release|Any CPU.ActiveCfg = Release|Any CPU
		{C8378CD4-35BC-000F-4FDD-BEB7D9551981}.Release|Any CPU.Build.0 = Release|Any CPU
		{8CC56274-1631-77C7-DE96-AF57355E0FFC}.Debug|Any CPU.ActiveCfg = Debug|Any CPU
		{8CC56274-1631-77C7-DE96-AF57355E0FFC}.Debug|Any CPU.Build.0 = Debug|Any CPU
		{8CC56274-1631-77C7-DE96-AF57355E0FFC}.Release|Any CPU.ActiveCfg = Release|Any CPU
		{8CC56274-1631-77C7-DE96-AF57355E0FFC}.Release|Any CPU.Build.0 = Release|Any CPU
		{0E8A75A5-442B-693B-1927-3E3879E9F0DD}.Debug|Any CPU.ActiveCfg = Debug|Any CPU
		{0E8A75A5-442B-693B-1927-3E3879E9F0DD}.Debug|Any CPU.Build.0 = Debug|Any CPU
		{0E8A75A5-442B-693B-1927-3E3879E9F0DD}.Release|Any CPU.ActiveCfg = Release|Any CPU
		{0E8A75A5-442B-693B-1927-3E3879E9F0DD}.Release|Any CPU.Build.0 = Release|Any CPU
		{4F4E36F4-9304-2158-B04D-C78B30149690}.Debug|Any CPU.ActiveCfg = Debug|Any CPU
		{4F4E36F4-9304-2158-B04D-C78B30149690}.Debug|Any CPU.Build.0 = Debug|Any CPU
		{4F4E36F4-9304-2158-B04D-C78B30149690}.Release|Any CPU.ActiveCfg = Release|Any CPU
		{4F4E36F4-9304-2158-B04D-C78B30149690}.Release|Any CPU.Build.0 = Release|Any CPU
		{9CFFDD96-5FC8-D679-1238-A1C14C497FBA}.Debug|Any CPU.ActiveCfg = Debug|Any CPU
		{9CFFDD96-5FC8-D679-1238-A1C14C497FBA}.Debug|Any CPU.Build.0 = Debug|Any CPU
		{9CFFDD96-5FC8-D679-1238-A1C14C497FBA}.Release|Any CPU.ActiveCfg = Release|Any CPU
		{9CFFDD96-5FC8-D679-1238-A1C14C497FBA}.Release|Any CPU.Build.0 = Release|Any CPU
		{A9EBC06E-8DED-2596-F0A2-D85CA5D6560C}.Debug|Any CPU.ActiveCfg = Debug|Any CPU
		{A9EBC06E-8DED-2596-F0A2-D85CA5D6560C}.Debug|Any CPU.Build.0 = Debug|Any CPU
		{A9EBC06E-8DED-2596-F0A2-D85CA5D6560C}.Release|Any CPU.ActiveCfg = Release|Any CPU
		{A9EBC06E-8DED-2596-F0A2-D85CA5D6560C}.Release|Any CPU.Build.0 = Release|Any CPU
		{B94F9CDB-0300-6B78-CF8F-AC47F74E9D1B}.Debug|Any CPU.ActiveCfg = Debug|Any CPU
		{B94F9CDB-0300-6B78-CF8F-AC47F74E9D1B}.Debug|Any CPU.Build.0 = Debug|Any CPU
		{B94F9CDB-0300-6B78-CF8F-AC47F74E9D1B}.Release|Any CPU.ActiveCfg = Release|Any CPU
		{B94F9CDB-0300-6B78-CF8F-AC47F74E9D1B}.Release|Any CPU.Build.0 = Release|Any CPU
		{259FA4EF-D180-6408-803E-E0BB5B560DD2}.Debug|Any CPU.ActiveCfg = Debug|Any CPU
		{259FA4EF-D180-6408-803E-E0BB5B560DD2}.Debug|Any CPU.Build.0 = Debug|Any CPU
		{259FA4EF-D180-6408-803E-E0BB5B560DD2}.Release|Any CPU.ActiveCfg = Release|Any CPU
		{259FA4EF-D180-6408-803E-E0BB5B560DD2}.Release|Any CPU.Build.0 = Release|Any CPU
	EndGlobalSection
	GlobalSection(SolutionProperties) = preSolution
		HideSolutionNode = FALSE
	EndGlobalSection
	GlobalSection(NestedProjects) = preSolution
		{3E9F1588-EF59-7EAE-D4DE-1A3187817BB9} = {8E01ABF0-BAA2-128D-1CBC-1AA0E54E3DAE}
		{82FACAE9-ED29-CF8C-CB78-7FBEF5B69A14} = {3E9F1588-EF59-7EAE-D4DE-1A3187817BB9}
		{DCE91F64-2A61-BAF5-C7E1-25E12682CE9A} = {3E9F1588-EF59-7EAE-D4DE-1A3187817BB9}
		{6C890FCF-FF09-F71F-2911-AD1E2AC8F2AD} = {F786A405-08D4-B51B-8CDE-53C78F670872}
		{638EDAF4-24E7-7D7E-054D-CDA4A19A80B3} = {6C890FCF-FF09-F71F-2911-AD1E2AC8F2AD}
		{097C85B9-F1C4-DC25-E72D-A6EF6A9E82DF} = {94120185-5941-DEFA-E189-0939A5510657}
		{65CDA5D1-8319-831A-D343-D72911C4FE87} = {097C85B9-F1C4-DC25-E72D-A6EF6A9E82DF}
		{7B6A77A7-10C8-DA2C-377A-4F77D562CBBF} = {2F1FD43E-0D0B-D3FA-8187-8EB2792039D7}
		{815E9AFE-36EB-A48E-EA07-A6A4A4EBA494} = {7B6A77A7-10C8-DA2C-377A-4F77D562CBBF}
		{7E16C73F-5840-4AA5-9852-7D1AE6A88439} = {F0395F74-707B-C1B7-C769-39840804A50F}
		{9A1C52B1-2CE6-15DD-6251-DB052CA4DF95} = {7E16C73F-5840-4AA5-9852-7D1AE6A88439}
		{9849E5E9-B723-ACE0-BB87-ECFE210976A1} = {C02EF238-BBAB-3472-9968-DE881FAF9623}
		{B5E5A806-3229-DF5F-F71C-4EA1D5A6D471} = {9849E5E9-B723-ACE0-BB87-ECFE210976A1}
		{21B942C3-9F1F-D33B-BE21-E91E8B188901} = {6A3B7F73-FAD7-7C01-E318-94F1FACF9859}
		{BDA84F7E-15DF-9702-7490-302C403CA881} = {21B942C3-9F1F-D33B-BE21-E91E8B188901}
		{E650071A-A985-3FEC-15E5-F3AE786F56DA} = {48511B66-B638-3820-F677-23F5370BB32D}
		{C6FD3B80-6D01-9949-CD87-045FF857497B} = {E650071A-A985-3FEC-15E5-F3AE786F56DA}
		{666ED833-9AF8-612B-1C57-3A452C953A1E} = {2816AC2C-FD51-63EC-19CA-E5CA34F24018}
		{9F218DDB-5C19-6DD7-3B4A-4F3E8936C9A8} = {666ED833-9AF8-612B-1C57-3A452C953A1E}
		{A7013818-F600-C9AB-43F8-B8A7F96EF387} = {17773AFD-52E2-69AD-900A-044A645D657F}
		{84488DDB-661B-6485-EDB7-78BDDDC55754} = {A7013818-F600-C9AB-43F8-B8A7F96EF387}
		{4EF0835F-1D57-CAB8-7ADA-16D18DFB1084} = {A7013818-F600-C9AB-43F8-B8A7F96EF387}
		{F9C57FB1-F41B-B642-13E0-1BB618663403} = {40DF2C13-671B-4E90-1412-07F926CC5574}
		{C8378CD4-35BC-000F-4FDD-BEB7D9551981} = {F9C57FB1-F41B-B642-13E0-1BB618663403}
		{8CC56274-1631-77C7-DE96-AF57355E0FFC} = {F9C57FB1-F41B-B642-13E0-1BB618663403}
		{2BDC0AA0-B344-2F0F-0370-67B51A4E0FBA} = {9F798CED-C1D8-A173-9FCC-E280D58EE889}
		{0E8A75A5-442B-693B-1927-3E3879E9F0DD} = {2BDC0AA0-B344-2F0F-0370-67B51A4E0FBA}
		{4F4E36F4-9304-2158-B04D-C78B30149690} = {2BDC0AA0-B344-2F0F-0370-67B51A4E0FBA}
		{6A60A615-DA94-B125-0F95-095069E02FFF} = {46BF9CDD-C6A4-155D-C98A-1523E25F578C}
		{9CFFDD96-5FC8-D679-1238-A1C14C497FBA} = {6A60A615-DA94-B125-0F95-095069E02FFF}
		{B86AF366-5455-AD1C-92F2-F9DFD7905FF1} = {1B7EF9AF-E17A-96C5-BB6B-1C71EB1A726B}
		{A9EBC06E-8DED-2596-F0A2-D85CA5D6560C} = {B86AF366-5455-AD1C-92F2-F9DFD7905FF1}
		{B94F9CDB-0300-6B78-CF8F-AC47F74E9D1B} = {B86AF366-5455-AD1C-92F2-F9DFD7905FF1}
		{CE48F5A8-2F96-D200-AD0D-C4A773EF87F5} = {9BE4B4D4-C798-A6A3-C2D1-3DDFB4709691}
		{259FA4EF-D180-6408-803E-E0BB5B560DD2} = {CE48F5A8-2F96-D200-AD0D-C4A773EF87F5}
	EndGlobalSection
	GlobalSection(ExtensibilityGlobals) = postSolution
		SolutionGuid = {346E43A3-949C-4225-9644-C34FD7C7E8EF}
	EndGlobalSection
EndGlobal
